
Microsoft Visual Studio Solution File, Format Version 12.00
# Visual Studio 2012
Project("{FAE04EC0-301F-11D3-BF4B-00C04F79EFBC}") = "Harris.Web", "Harris.Web\Harris.Web.csproj", "{73EE50DF-D485-476A-9AF4-22D9F7AD3839}"
EndProject
Project("{FAE04EC0-301F-11D3-BF4B-00C04F79EFBC}") = "Harris.Core", "Harris.Core\Harris.Core.csproj", "{D7567B6A-F9D3-4B3B-B2E5-9AEB4976484E}"
EndProject
Global
	GlobalSection(SolutionConfigurationPlatforms) = preSolution
		Debug|Any CPU = Debug|Any CPU
		Release|Any CPU = Release|Any CPU
	EndGlobalSection
	GlobalSection(ProjectConfigurationPlatforms) = postSolution
		{73EE50DF-D485-476A-9AF4-22D9F7AD3839}.Debug|Any CPU.ActiveCfg = Debug|Any CPU
		{73EE50DF-D485-476A-9AF4-22D9F7AD3839}.Debug|Any CPU.Build.0 = Debug|Any CPU
		{73EE50DF-D485-476A-9AF4-22D9F7AD3839}.Release|Any CPU.ActiveCfg = Release|Any CPU
		{73EE50DF-D485-476A-9AF4-22D9F7AD3839}.Release|Any CPU.Build.0 = Release|Any CPU
		{D7567B6A-F9D3-4B3B-B2E5-9AEB4976484E}.Debug|Any CPU.ActiveCfg = Debug|Any CPU
		{D7567B6A-F9D3-4B3B-B2E5-9AEB4976484E}.Debug|Any CPU.Build.0 = Debug|Any CPU
		{D7567B6A-F9D3-4B3B-B2E5-9AEB4976484E}.Release|Any CPU.ActiveCfg = Release|Any CPU
		{D7567B6A-F9D3-4B3B-B2E5-9AEB4976484E}.Release|Any CPU.Build.0 = Release|Any CPU
	EndGlobalSection
	GlobalSection(SolutionProperties) = preSolution
		HideSolutionNode = FALSE
	EndGlobalSection
EndGlobal
